
Microsoft Visual Studio Solution File, Format Version 12.00
# Visual Studio Version 17
VisualStudioVersion = 17.3.32922.545
MinimumVisualStudioVersion = 10.0.40219.1
Project("{8BC9CEB8-8B4A-11D0-8D11-00A0C91BC942}") = "laba8.1iter", "laba8.1iter\laba8.1iter.vcxproj", "{6D48399A-AA6E-4EFC-973A-A1C119C14925}"
EndProject
Project("{8BC9CEB8-8B4A-11D0-8D11-00A0C91BC942}") = "UnitTest1", "UnitTest1\UnitTest1.vcxproj", "{FCC8219F-7075-425E-95C9-8B80DA8C8814}"
EndProject
Global
	GlobalSection(SolutionConfigurationPlatforms) = preSolution
		Debug|x64 = Debug|x64
		Debug|x86 = Debug|x86
		Release|x64 = Release|x64
		Release|x86 = Release|x86
	EndGlobalSection
	GlobalSection(ProjectConfigurationPlatforms) = postSolution
		{6D48399A-AA6E-4EFC-973A-A1C119C14925}.Debug|x64.ActiveCfg = Debug|x64
		{6D48399A-AA6E-4EFC-973A-A1C119C14925}.Debug|x64.Build.0 = Debug|x64
		{6D48399A-AA6E-4EFC-973A-A1C119C14925}.Debug|x86.ActiveCfg = Debug|Win32
		{6D48399A-AA6E-4EFC-973A-A1C119C14925}.Debug|x86.Build.0 = Debug|Win32
		{6D48399A-AA6E-4EFC-973A-A1C119C14925}.Release|x64.ActiveCfg = Release|x64
		{6D48399A-AA6E-4EFC-973A-A1C119C14925}.Release|x64.Build.0 = Release|x64
		{6D48399A-AA6E-4EFC-973A-A1C119C14925}.Release|x86.ActiveCfg = Release|Win32
		{6D48399A-AA6E-4EFC-973A-A1C119C14925}.Release|x86.Build.0 = Release|Win32
		{FCC8219F-7075-425E-95C9-8B80DA8C8814}.Debug|x64.ActiveCfg = Debug|x64
		{FCC8219F-7075-425E-95C9-8B80DA8C8814}.Debug|x64.Build.0 = Debug|x64
		{FCC8219F-7075-425E-95C9-8B80DA8C8814}.Debug|x86.ActiveCfg = Debug|Win32
		{FCC8219F-7075-425E-95C9-8B80DA8C8814}.Debug|x86.Build.0 = Debug|Win32
		{FCC8219F-7075-425E-95C9-8B80DA8C8814}.Release|x64.ActiveCfg = Release|x64
		{FCC8219F-7075-425E-95C9-8B80DA8C8814}.Release|x64.Build.0 = Release|x64
		{FCC8219F-7075-425E-95C9-8B80DA8C8814}.Release|x86.ActiveCfg = Release|Win32
		{FCC8219F-7075-425E-95C9-8B80DA8C8814}.Release|x86.Build.0 = Release|Win32
	EndGlobalSection
	GlobalSection(SolutionProperties) = preSolution
		HideSolutionNode = FALSE
	EndGlobalSection
	GlobalSection(ExtensibilityGlobals) = postSolution
		SolutionGuid = {196B79A6-60BB-4D5F-AEAD-2C1FDC44442A}
	EndGlobalSection
EndGlobal
